
Microsoft Visual Studio Solution File, Format Version 12.00
# Visual Studio Version 16
VisualStudioVersion = 16.0.31025.194
MinimumVisualStudioVersion = 10.0.40219.1
Project("{FAE04EC0-301F-11D3-BF4B-00C04F79EFBC}") = "00_TypesAndVariables", "00_TypesAndVariables\00_TypesAndVariables.csproj", "{961B396A-FD22-4181-A60D-8B9C570E2A87}"
EndProject
Project("{FAE04EC0-301F-11D3-BF4B-00C04F79EFBC}") = "01_ReferenceTypes", "01_ReferenceTypes\01_ReferenceTypes.csproj", "{613E0D5B-D5E7-4A3A-A28D-2444C046644B}"
EndProject
Project("{FAE04EC0-301F-11D3-BF4B-00C04F79EFBC}") = "02_Operators", "02_Operators\02_Operators.csproj", "{5750C4EE-8163-4DFC-B933-94E2863807EA}"
EndProject
Project("{FAE04EC0-301F-11D3-BF4B-00C04F79EFBC}") = "03_Classes", "03_Classes\03_Classes.csproj", "{9EA94B15-5415-4A5F-9E9E-C1E0563CA4CC}"
EndProject
Project("{FAE04EC0-301F-11D3-BF4B-00C04F79EFBC}") = "04_Conditionals", "04_Conditionals\04_Conditionals.csproj", "{20159B3F-1315-4F1E-B23B-2517B279A9D2}"
EndProject
Project("{FAE04EC0-301F-11D3-BF4B-00C04F79EFBC}") = "05_Loops", "05_Loops\05_Loops.csproj", "{494B041F-15F7-4987-9C82-07FD792400DA}"
EndProject
Project("{FAE04EC0-301F-11D3-BF4B-00C04F79EFBC}") = "06_Inheritance_Classes", "06_Inheritance_Classes\06_Inheritance_Classes.csproj", "{A39FA106-735A-4534-B51E-16EBF38C23D1}"
EndProject
Project("{FAE04EC0-301F-11D3-BF4B-00C04F79EFBC}") = "07_RepositoryPattern_Repository", "07_RepositoryPattern_Repository\07_RepositoryPattern_Repository.csproj", "{1561D9C4-0823-4A42-9F0D-B16F54BE0712}"
EndProject
Project("{FAE04EC0-301F-11D3-BF4B-00C04F79EFBC}") = "07_RepositoryPattern_Tests", "07_RepositoryPattern_Tests\07_RepositoryPattern_Tests.csproj", "{18958EB2-B7F8-4690-A5D8-761C0F676788}"
EndProject
Project("{FAE04EC0-301F-11D3-BF4B-00C04F79EFBC}") = "08_StreamingContent_UI", "08_StreamingContent_UI\08_StreamingContent_UI.csproj", "{226076BB-DAA6-42AA-81F7-2C9CC5C26F2A}"
EndProject
Project("{FAE04EC0-301F-11D3-BF4B-00C04F79EFBC}") = "09_Interfaces", "09_Interfaces\09_Interfaces.csproj", "{17E5191C-6CC4-4E0D-87CE-131467D87807}"
EndProject
Project("{FAE04EC0-301F-11D3-BF4B-00C04F79EFBC}") = "09_Interfaces_Transactions", "09_Interfaces_Transactions\09_Interfaces_Transactions.csproj", "{0D4270F0-B3E7-4A19-81A5-D6792BC56209}"
EndProject
Project("{FAE04EC0-301F-11D3-BF4B-00C04F79EFBC}") = "08_StreamingContent_UnitTests", "08_StreamingContent_UnitTests\08_StreamingContent_UnitTests.csproj", "{A4297A45-7630-4476-887D-0A4BDA128552}"
EndProject
Global
	GlobalSection(SolutionConfigurationPlatforms) = preSolution
		Debug|Any CPU = Debug|Any CPU
		Release|Any CPU = Release|Any CPU
	EndGlobalSection
	GlobalSection(ProjectConfigurationPlatforms) = postSolution
		{961B396A-FD22-4181-A60D-8B9C570E2A87}.Debug|Any CPU.ActiveCfg = Debug|Any CPU
		{961B396A-FD22-4181-A60D-8B9C570E2A87}.Debug|Any CPU.Build.0 = Debug|Any CPU
		{961B396A-FD22-4181-A60D-8B9C570E2A87}.Release|Any CPU.ActiveCfg = Release|Any CPU
		{961B396A-FD22-4181-A60D-8B9C570E2A87}.Release|Any CPU.Build.0 = Release|Any CPU
		{613E0D5B-D5E7-4A3A-A28D-2444C046644B}.Debug|Any CPU.ActiveCfg = Debug|Any CPU
		{613E0D5B-D5E7-4A3A-A28D-2444C046644B}.Debug|Any CPU.Build.0 = Debug|Any CPU
		{613E0D5B-D5E7-4A3A-A28D-2444C046644B}.Release|Any CPU.ActiveCfg = Release|Any CPU
		{613E0D5B-D5E7-4A3A-A28D-2444C046644B}.Release|Any CPU.Build.0 = Release|Any CPU
		{5750C4EE-8163-4DFC-B933-94E2863807EA}.Debug|Any CPU.ActiveCfg = Debug|Any CPU
		{5750C4EE-8163-4DFC-B933-94E2863807EA}.Debug|Any CPU.Build.0 = Debug|Any CPU
		{5750C4EE-8163-4DFC-B933-94E2863807EA}.Release|Any CPU.ActiveCfg = Release|Any CPU
		{5750C4EE-8163-4DFC-B933-94E2863807EA}.Release|Any CPU.Build.0 = Release|Any CPU
		{9EA94B15-5415-4A5F-9E9E-C1E0563CA4CC}.Debug|Any CPU.ActiveCfg = Debug|Any CPU
		{9EA94B15-5415-4A5F-9E9E-C1E0563CA4CC}.Debug|Any CPU.Build.0 = Debug|Any CPU
		{9EA94B15-5415-4A5F-9E9E-C1E0563CA4CC}.Release|Any CPU.ActiveCfg = Release|Any CPU
		{9EA94B15-5415-4A5F-9E9E-C1E0563CA4CC}.Release|Any CPU.Build.0 = Release|Any CPU
		{20159B3F-1315-4F1E-B23B-2517B279A9D2}.Debug|Any CPU.ActiveCfg = Debug|Any CPU
		{20159B3F-1315-4F1E-B23B-2517B279A9D2}.Debug|Any CPU.Build.0 = Debug|Any CPU
		{20159B3F-1315-4F1E-B23B-2517B279A9D2}.Release|Any CPU.ActiveCfg = Release|Any CPU
		{20159B3F-1315-4F1E-B23B-2517B279A9D2}.Release|Any CPU.Build.0 = Release|Any CPU
		{494B041F-15F7-4987-9C82-07FD792400DA}.Debug|Any CPU.ActiveCfg = Debug|Any CPU
		{494B041F-15F7-4987-9C82-07FD792400DA}.Debug|Any CPU.Build.0 = Debug|Any CPU
		{494B041F-15F7-4987-9C82-07FD792400DA}.Release|Any CPU.ActiveCfg = Release|Any CPU
		{494B041F-15F7-4987-9C82-07FD792400DA}.Release|Any CPU.Build.0 = Release|Any CPU
		{A39FA106-735A-4534-B51E-16EBF38C23D1}.Debug|Any CPU.ActiveCfg = Debug|Any CPU
		{A39FA106-735A-4534-B51E-16EBF38C23D1}.Debug|Any CPU.Build.0 = Debug|Any CPU
		{A39FA106-735A-4534-B51E-16EBF38C23D1}.Release|Any CPU.ActiveCfg = Release|Any CPU
		{A39FA106-735A-4534-B51E-16EBF38C23D1}.Release|Any CPU.Build.0 = Release|Any CPU
		{1561D9C4-0823-4A42-9F0D-B16F54BE0712}.Debug|Any CPU.ActiveCfg = Debug|Any CPU
		{1561D9C4-0823-4A42-9F0D-B16F54BE0712}.Debug|Any CPU.Build.0 = Debug|Any CPU
		{1561D9C4-0823-4A42-9F0D-B16F54BE0712}.Release|Any CPU.ActiveCfg = Release|Any CPU
		{1561D9C4-0823-4A42-9F0D-B16F54BE0712}.Release|Any CPU.Build.0 = Release|Any CPU
		{18958EB2-B7F8-4690-A5D8-761C0F676788}.Debug|Any CPU.ActiveCfg = Debug|Any CPU
		{18958EB2-B7F8-4690-A5D8-761C0F676788}.Debug|Any CPU.Build.0 = Debug|Any CPU
		{18958EB2-B7F8-4690-A5D8-761C0F676788}.Release|Any CPU.ActiveCfg = Release|Any CPU
		{18958EB2-B7F8-4690-A5D8-761C0F676788}.Release|Any CPU.Build.0 = Release|Any CPU
		{226076BB-DAA6-42AA-81F7-2C9CC5C26F2A}.Debug|Any CPU.ActiveCfg = Debug|Any CPU
		{226076BB-DAA6-42AA-81F7-2C9CC5C26F2A}.Debug|Any CPU.Build.0 = Debug|Any CPU
		{226076BB-DAA6-42AA-81F7-2C9CC5C26F2A}.Release|Any CPU.ActiveCfg = Release|Any CPU
		{226076BB-DAA6-42AA-81F7-2C9CC5C26F2A}.Release|Any CPU.Build.0 = Release|Any CPU
		{17E5191C-6CC4-4E0D-87CE-131467D87807}.Debug|Any CPU.ActiveCfg = Debug|Any CPU
		{17E5191C-6CC4-4E0D-87CE-131467D87807}.Debug|Any CPU.Build.0 = Debug|Any CPU
		{17E5191C-6CC4-4E0D-87CE-131467D87807}.Release|Any CPU.ActiveCfg = Release|Any CPU
		{17E5191C-6CC4-4E0D-87CE-131467D87807}.Release|Any CPU.Build.0 = Release|Any CPU
		{0D4270F0-B3E7-4A19-81A5-D6792BC56209}.Debug|Any CPU.ActiveCfg = Debug|Any CPU
		{0D4270F0-B3E7-4A19-81A5-D6792BC56209}.Debug|Any CPU.Build.0 = Debug|Any CPU
		{0D4270F0-B3E7-4A19-81A5-D6792BC56209}.Release|Any CPU.ActiveCfg = Release|Any CPU
		{0D4270F0-B3E7-4A19-81A5-D6792BC56209}.Release|Any CPU.Build.0 = Release|Any CPU
		{A4297A45-7630-4476-887D-0A4BDA128552}.Debug|Any CPU.ActiveCfg = Debug|Any CPU
		{A4297A45-7630-4476-887D-0A4BDA128552}.Debug|Any CPU.Build.0 = Debug|Any CPU
		{A4297A45-7630-4476-887D-0A4BDA128552}.Release|Any CPU.ActiveCfg = Release|Any CPU
		{A4297A45-7630-4476-887D-0A4BDA128552}.Release|Any CPU.Build.0 = Release|Any CPU
	EndGlobalSection
	GlobalSection(SolutionProperties) = preSolution
		HideSolutionNode = FALSE
	EndGlobalSection
	GlobalSection(ExtensibilityGlobals) = postSolution
		SolutionGuid = {8B881D6F-6553-4A94-8594-6B0C3CA92682}
	EndGlobalSection
EndGlobal
